// !$*UTF8*$!
{
	archiveVersion = 1;
	classes = {
	};
	objectVersion = 46;
	objects = {

/* Begin PBXBuildFile section */
		BB9F69121C9D1AC600E78DD7 /* main.m in Sources */ = {isa = PBXBuildFile; fileRef = BB9F69111C9D1AC600E78DD7 /* main.m */; };
		BB9F69151C9D1AC600E78DD7 /* AppDelegate.m in Sources */ = {isa = PBXBuildFile; fileRef = BB9F69141C9D1AC600E78DD7 /* AppDelegate.m */; };
		BB9F69181C9D1AC600E78DD7 /* ViewController.m in Sources */ = {isa = PBXBuildFile; fileRef = BB9F69171C9D1AC600E78DD7 /* ViewController.m */; };
		BB9F691B1C9D1AC600E78DD7 /* Main.storyboard in Resources */ = {isa = PBXBuildFile; fileRef = BB9F69191C9D1AC600E78DD7 /* Main.storyboard */; };
		BB9F691D1C9D1AC600E78DD7 /* Assets.xcassets in Resources */ = {isa = PBXBuildFile; fileRef = BB9F691C1C9D1AC600E78DD7 /* Assets.xcassets */; };
		BB9F69201C9D1AC600E78DD7 /* LaunchScreen.storyboard in Resources */ = {isa = PBXBuildFile; fileRef = BB9F691E1C9D1AC600E78DD7 /* LaunchScreen.storyboard */; };
		BB9F692B1C9D1AC600E78DD7 /* VSlideViewTests.m in Sources */ = {isa = PBXBuildFile; fileRef = BB9F692A1C9D1AC600E78DD7 /* VSlideViewTests.m */; };
		BB9F69361C9D1AC600E78DD7 /* VSlideViewUITests.m in Sources */ = {isa = PBXBuildFile; fileRef = BB9F69351C9D1AC600E78DD7 /* VSlideViewUITests.m */; };
/* End PBXBuildFile section */

/* Begin PBXContainerItemProxy section */
		BB9F69271C9D1AC600E78DD7 /* PBXContainerItemProxy */ = {
			isa = PBXContainerItemProxy;
			containerPortal = BB9F69051C9D1AC600E78DD7 /* Project object */;
			proxyType = 1;
			remoteGlobalIDString = BB9F690C1C9D1AC600E78DD7;
			remoteInfo = VSlideView;
		};
		BB9F69321C9D1AC600E78DD7 /* PBXContainerItemProxy */ = {
			isa = PBXContainerItemProxy;
			containerPortal = BB9F69051C9D1AC600E78DD7 /* Project object */;
			proxyType = 1;
			remoteGlobalIDString = BB9F690C1C9D1AC600E78DD7;
			remoteInfo = VSlideView;
		};
/* End PBXContainerItemProxy section */

/* Begin PBXFileReference section */
		BB9F690D1C9D1AC600E78DD7 /* VSlideView.app */ = {isa = PBXFileReference; explicitFileType = wrapper.application; includeInIndex = 0; path = VSlideView.app; sourceTree = BUILT_PRODUCTS_DIR; };
		BB9F69111C9D1AC600E78DD7 /* main.m */ = {isa = PBXFileReference; lastKnownFileType = sourcecode.c.objc; path = main.m; sourceTree = "<group>"; };
		BB9F69131C9D1AC600E78DD7 /* AppDelegate.h */ = {isa = PBXFileReference; lastKnownFileType = sourcecode.c.h; path = AppDelegate.h; sourceTree = "<group>"; };
		BB9F69141C9D1AC600E78DD7 /* AppDelegate.m */ = {isa = PBXFileReference; lastKnownFileType = sourcecode.c.objc; path = AppDelegate.m; sourceTree = "<group>"; };
		BB9F69161C9D1AC600E78DD7 /* ViewController.h */ = {isa = PBXFileReference; lastKnownFileType = sourcecode.c.h; path = ViewController.h; sourceTree = "<group>"; };
		BB9F69171C9D1AC600E78DD7 /* ViewController.m */ = {isa = PBXFileReference; lastKnownFileType = sourcecode.c.objc; path = ViewController.m; sourceTree = "<group>"; };
		BB9F691A1C9D1AC600E78DD7 /* Base */ = {isa = PBXFileReference; lastKnownFileType = file.storyboard; name = Base; path = Base.lproj/Main.storyboard; sourceTree = "<group>"; };
		BB9F691C1C9D1AC600E78DD7 /* Assets.xcassets */ = {isa = PBXFileReference; lastKnownFileType = folder.assetcatalog; path = Assets.xcassets; sourceTree = "<group>"; };
		BB9F691F1C9D1AC600E78DD7 /* Base */ = {isa = PBXFileReference; lastKnownFileType = file.storyboard; name = Base; path = Base.lproj/LaunchScreen.storyboard; sourceTree = "<group>"; };
		BB9F69211C9D1AC600E78DD7 /* Info.plist */ = {isa = PBXFileReference; lastKnownFileType = text.plist.xml; path = Info.plist; sourceTree = "<group>"; };
		BB9F69261C9D1AC600E78DD7 /* VSlideViewTests.xctest */ = {isa = PBXFileReference; explicitFileType = wrapper.cfbundle; includeInIndex = 0; path = VSlideViewTests.xctest; sourceTree = BUILT_PRODUCTS_DIR; };
		BB9F692A1C9D1AC600E78DD7 /* VSlideViewTests.m */ = {isa = PBXFileReference; lastKnownFileType = sourcecode.c.objc; path = VSlideViewTests.m; sourceTree = "<group>"; };
		BB9F692C1C9D1AC600E78DD7 /* Info.plist */ = {isa = PBXFileReference; lastKnownFileType = text.plist.xml; path = Info.plist; sourceTree = "<group>"; };
		BB9F69311C9D1AC600E78DD7 /* VSlideViewUITests.xctest */ = {isa = PBXFileReference; explicitFileType = wrapper.cfbundle; includeInIndex = 0; path = VSlideViewUITests.xctest; sourceTree = BUILT_PRODUCTS_DIR; };
		BB9F69351C9D1AC600E78DD7 /* VSlideViewUITests.m */ = {isa = PBXFileReference; lastKnownFileType = sourcecode.c.objc; path = VSlideViewUITests.m; sourceTree = "<group>"; };
		BB9F69371C9D1AC600E78DD7 /* Info.plist */ = {isa = PBXFileReference; lastKnownFileType = text.plist.xml; path = Info.plist; sourceTree = "<group>"; };
/* End PBXFileReference section */

/* Begin PBXFrameworksBuildPhase section */
		BB9F690A1C9D1AC600E78DD7 /* Frameworks */ = {
			isa = PBXFrameworksBuildPhase;
			buildActionMask = 2147483647;
			files = (
			);
			runOnlyForDeploymentPostprocessing = 0;
		};
		BB9F69231C9D1AC600E78DD7 /* Frameworks */ = {
			isa = PBXFrameworksBuildPhase;
			buildActionMask = 2147483647;
			files = (
			);
			runOnlyForDeploymentPostprocessing = 0;
		};
		BB9F692E1C9D1AC600E78DD7 /* Frameworks */ = {
			isa = PBXFrameworksBuildPhase;
			buildActionMask = 2147483647;
			files = (
			);
			runOnlyForDeploymentPostprocessing = 0;
		};
/* End PBXFrameworksBuildPhase section */

/* Begin PBXGroup section */
		BB9F69041C9D1AC600E78DD7 = {
			isa = PBXGroup;
			children = (
				BB9F690F1C9D1AC600E78DD7 /* VSlideView */,
				BB9F69291C9D1AC600E78DD7 /* VSlideViewTests */,
				BB9F69341C9D1AC600E78DD7 /* VSlideViewUITests */,
				BB9F690E1C9D1AC600E78DD7 /* Products */,
			);
			sourceTree = "<group>";
		};
		BB9F690E1C9D1AC600E78DD7 /* Products */ = {
			isa = PBXGroup;
			children = (
				BB9F690D1C9D1AC600E78DD7 /* VSlideView.app */,
				BB9F69261C9D1AC600E78DD7 /* VSlideViewTests.xctest */,
				BB9F69311C9D1AC600E78DD7 /* VSlideViewUITests.xctest */,
			);
			name = Products;
			sourceTree = "<group>";
		};
		BB9F690F1C9D1AC600E78DD7 /* VSlideView */ = {
			isa = PBXGroup;
			children = (
				BB9F69131C9D1AC600E78DD7 /* AppDelegate.h */,
				BB9F69141C9D1AC600E78DD7 /* AppDelegate.m */,
				BB9F69161C9D1AC600E78DD7 /* ViewController.h */,
				BB9F69171C9D1AC600E78DD7 /* ViewController.m */,
				BB9F69191C9D1AC600E78DD7 /* Main.storyboard */,
				BB9F691C1C9D1AC600E78DD7 /* Assets.xcassets */,
				BB9F691E1C9D1AC600E78DD7 /* LaunchScreen.storyboard */,
				BB9F69211C9D1AC600E78DD7 /* Info.plist */,
				BB9F69101C9D1AC600E78DD7 /* Supporting Files */,
			);
			path = VSlideView;
			sourceTree = "<group>";
		};
		BB9F69101C9D1AC600E78DD7 /* Supporting Files */ = {
			isa = PBXGroup;
			children = (
				BB9F69111C9D1AC600E78DD7 /* main.m */,
			);
			name = "Supporting Files";
			sourceTree = "<group>";
		};
		BB9F69291C9D1AC600E78DD7 /* VSlideViewTests */ = {
			isa = PBXGroup;
			children = (
				BB9F692A1C9D1AC600E78DD7 /* VSlideViewTests.m */,
				BB9F692C1C9D1AC600E78DD7 /* Info.plist */,
			);
			path = VSlideViewTests;
			sourceTree = "<group>";
		};
		BB9F69341C9D1AC600E78DD7 /* VSlideViewUITests */ = {
			isa = PBXGroup;
			children = (
				BB9F69351C9D1AC600E78DD7 /* VSlideViewUITests.m */,
				BB9F69371C9D1AC600E78DD7 /* Info.plist */,
			);
			path = VSlideViewUITests;
			sourceTree = "<group>";
		};
/* End PBXGroup section */

/* Begin PBXNativeTarget section */
		BB9F690C1C9D1AC600E78DD7 /* VSlideView */ = {
			isa = PBXNativeTarget;
			buildConfigurationList = BB9F693A1C9D1AC600E78DD7 /* Build configuration list for PBXNativeTarget "VSlideView" */;
			buildPhases = (
				BB9F69091C9D1AC600E78DD7 /* Sources */,
				BB9F690A1C9D1AC600E78DD7 /* Frameworks */,
				BB9F690B1C9D1AC600E78DD7 /* Resources */,
			);
			buildRules = (
			);
			dependencies = (
			);
			name = VSlideView;
			productName = VSlideView;
			productReference = BB9F690D1C9D1AC600E78DD7 /* VSlideView.app */;
			productType = "com.apple.product-type.application";
		};
		BB9F69251C9D1AC600E78DD7 /* VSlideViewTests */ = {
			isa = PBXNativeTarget;
			buildConfigurationList = BB9F693D1C9D1AC600E78DD7 /* Build configuration list for PBXNativeTarget "VSlideViewTests" */;
			buildPhases = (
				BB9F69221C9D1AC600E78DD7 /* Sources */,
				BB9F69231C9D1AC600E78DD7 /* Frameworks */,
				BB9F69241C9D1AC600E78DD7 /* Resources */,
			);
			buildRules = (
			);
			dependencies = (
				BB9F69281C9D1AC600E78DD7 /* PBXTargetDependency */,
			);
			name = VSlideViewTests;
			productName = VSlideViewTests;
			productReference = BB9F69261C9D1AC600E78DD7 /* VSlideViewTests.xctest */;
			productType = "com.apple.product-type.bundle.unit-test";
		};
		BB9F69301C9D1AC600E78DD7 /* VSlideViewUITests */ = {
			isa = PBXNativeTarget;
			buildConfigurationList = BB9F69401C9D1AC600E78DD7 /* Build configuration list for PBXNativeTarget "VSlideViewUITests" */;
			buildPhases = (
				BB9F692D1C9D1AC600E78DD7 /* Sources */,
				BB9F692E1C9D1AC600E78DD7 /* Frameworks */,
				BB9F692F1C9D1AC600E78DD7 /* Resources */,
			);
			buildRules = (
			);
			dependencies = (
				BB9F69331C9D1AC600E78DD7 /* PBXTargetDependency */,
			);
			name = VSlideViewUITests;
			productName = VSlideViewUITests;
			productReference = BB9F69311C9D1AC600E78DD7 /* VSlideViewUITests.xctest */;
			productType = "com.apple.product-type.bundle.ui-testing";
		};
/* End PBXNativeTarget section */

/* Begin PBXProject section */
		BB9F69051C9D1AC600E78DD7 /* Project object */ = {
			isa = PBXProject;
			attributes = {
				LastUpgradeCheck = 0720;
				ORGANIZATIONNAME = "Vinay Mahipal";
				TargetAttributes = {
					BB9F690C1C9D1AC600E78DD7 = {
						CreatedOnToolsVersion = 7.2.1;
					};
					BB9F69251C9D1AC600E78DD7 = {
						CreatedOnToolsVersion = 7.2.1;
						TestTargetID = BB9F690C1C9D1AC600E78DD7;
					};
					BB9F69301C9D1AC600E78DD7 = {
						CreatedOnToolsVersion = 7.2.1;
						TestTargetID = BB9F690C1C9D1AC600E78DD7;
					};
				};
			};
			buildConfigurationList = BB9F69081C9D1AC600E78DD7 /* Build configuration list for PBXProject "VSlideView" */;
			compatibilityVersion = "Xcode 3.2";
			developmentRegion = English;
			hasScannedForEncodings = 0;
			knownRegions = (
				en,
				Base,
			);
			mainGroup = BB9F69041C9D1AC600E78DD7;
			productRefGroup = BB9F690E1C9D1AC600E78DD7 /* Products */;
			projectDirPath = "";
			projectRoot = "";
			targets = (
				BB9F690C1C9D1AC600E78DD7 /* VSlideView */,
				BB9F69251C9D1AC600E78DD7 /* VSlideViewTests */,
				BB9F69301C9D1AC600E78DD7 /* VSlideViewUITests */,
			);
		};
/* End PBXProject section */

/* Begin PBXResourcesBuildPhase section */
		BB9F690B1C9D1AC600E78DD7 /* Resources */ = {
			isa = PBXResourcesBuildPhase;
			buildActionMask = 2147483647;
			files = (
				BB9F69201C9D1AC600E78DD7 /* LaunchScreen.storyboard in Resources */,
				BB9F691D1C9D1AC600E78DD7 /* Assets.xcassets in Resources */,
				BB9F691B1C9D1AC600E78DD7 /* Main.storyboard in Resources */,
			);
			runOnlyForDeploymentPostprocessing = 0;
		};
		BB9F69241C9D1AC600E78DD7 /* Resources */ = {
			isa = PBXResourcesBuildPhase;
			buildActionMask = 2147483647;
			files = (
			);
			runOnlyForDeploymentPostprocessing = 0;
		};
		BB9F692F1C9D1AC600E78DD7 /* Resources */ = {
			isa = PBXResourcesBuildPhase;
			buildActionMask = 2147483647;
			files = (
			);
			runOnlyForDeploymentPostprocessing = 0;
		};
/* End PBXResourcesBuildPhase section */

/* Begin PBXSourcesBuildPhase section */
		BB9F69091C9D1AC600E78DD7 /* Sources */ = {
			isa = PBXSourcesBuildPhase;
			buildActionMask = 2147483647;
			files = (
				BB9F69181C9D1AC600E78DD7 /* ViewController.m in Sources */,
				BB9F69151C9D1AC600E78DD7 /* AppDelegate.m in Sources */,
				BB9F69121C9D1AC600E78DD7 /* main.m in Sources */,
			);
			runOnlyForDeploymentPostprocessing = 0;
		};
		BB9F69221C9D1AC600E78DD7 /* Sources */ = {
			isa = PBXSourcesBuildPhase;
			buildActionMask = 2147483647;
			files = (
				BB9F692B1C9D1AC600E78DD7 /* VSlideViewTests.m in Sources */,
			);
			runOnlyForDeploymentPostprocessing = 0;
		};
		BB9F692D1C9D1AC600E78DD7 /* Sources */ = {
			isa = PBXSourcesBuildPhase;
			buildActionMask = 2147483647;
			files = (
				BB9F69361C9D1AC600E78DD7 /* VSlideViewUITests.m in Sources */,
			);
			runOnlyForDeploymentPostprocessing = 0;
		};
/* End PBXSourcesBuildPhase section */

/* Begin PBXTargetDependency section */
		BB9F69281C9D1AC600E78DD7 /* PBXTargetDependency */ = {
			isa = PBXTargetDependency;
			target = BB9F690C1C9D1AC600E78DD7 /* VSlideView */;
			targetProxy = BB9F69271C9D1AC600E78DD7 /* PBXContainerItemProxy */;
		};
		BB9F69331C9D1AC600E78DD7 /* PBXTargetDependency */ = {
			isa = PBXTargetDependency;
			target = BB9F690C1C9D1AC600E78DD7 /* VSlideView */;
			targetProxy = BB9F69321C9D1AC600E78DD7 /* PBXContainerItemProxy */;
		};
/* End PBXTargetDependency section */

/* Begin PBXVariantGroup section */
		BB9F69191C9D1AC600E78DD7 /* Main.storyboard */ = {
			isa = PBXVariantGroup;
			children = (
				BB9F691A1C9D1AC600E78DD7 /* Base */,
			);
			name = Main.storyboard;
			sourceTree = "<group>";
		};
		BB9F691E1C9D1AC600E78DD7 /* LaunchScreen.storyboard */ = {
			isa = PBXVariantGroup;
			children = (
				BB9F691F1C9D1AC600E78DD7 /* Base */,
			);
			name = LaunchScreen.storyboard;
			sourceTree = "<group>";
		};
/* End PBXVariantGroup section */

/* Begin XCBuildConfiguration section */
		BB9F69381C9D1AC600E78DD7 /* Debug */ = {
			isa = XCBuildConfiguration;
			buildSettings = {
				ALWAYS_SEARCH_USER_PATHS = NO;
				CLANG_CXX_LANGUAGE_STANDARD = "gnu++0x";
				CLANG_CXX_LIBRARY = "libc++";
				CLANG_ENABLE_MODULES = YES;
				CLANG_ENABLE_OBJC_ARC = YES;
				CLANG_WARN_BOOL_CONVERSION = YES;
				CLANG_WARN_CONSTANT_CONVERSION = YES;
				CLANG_WARN_DIRECT_OBJC_ISA_USAGE = YES_ERROR;
				CLANG_WARN_EMPTY_BODY = YES;
				CLANG_WARN_ENUM_CONVERSION = YES;
				CLANG_WARN_INT_CONVERSION = YES;
				CLANG_WARN_OBJC_ROOT_CLASS = YES_ERROR;
				CLANG_WARN_UNREACHABLE_CODE = YES;
				CLANG_WARN__DUPLICATE_METHOD_MATCH = YES;
				"CODE_SIGN_IDENTITY[sdk=iphoneos*]" = "iPhone Developer";
				COPY_PHASE_STRIP = NO;
				DEBUG_INFORMATION_FORMAT = dwarf;
				ENABLE_STRICT_OBJC_MSGSEND = YES;
				ENABLE_TESTABILITY = YES;
				GCC_C_LANGUAGE_STANDARD = gnu99;
				GCC_DYNAMIC_NO_PIC = NO;
				GCC_NO_COMMON_BLOCKS = YES;
				GCC_OPTIMIZATION_LEVEL = 0;
				GCC_PREPROCESSOR_DEFINITIONS = (
					"DEBUG=1",
					"$(inherited)",
				);
				GCC_WARN_64_TO_32_BIT_CONVERSION = YES;
				GCC_WARN_ABOUT_RETURN_TYPE = YES_ERROR;
				GCC_WARN_UNDECLARED_SELECTOR = YES;
				GCC_WARN_UNINITIALIZED_AUTOS = YES_AGGRESSIVE;
				GCC_WARN_UNUSED_FUNCTION = YES;
				GCC_WARN_UNUSED_VARIABLE = YES;
				IPHONEOS_DEPLOYMENT_TARGET = 9.2;
				MTL_ENABLE_DEBUG_INFO = YES;
				ONLY_ACTIVE_ARCH = YES;
				SDKROOT = iphoneos;
				TARGETED_DEVICE_FAMILY = "1,2";
			};
			name = Debug;
		};
		BB9F69391C9D1AC600E78DD7 /* Release */ = {
			isa = XCBuildConfiguration;
			buildSettings = {
				ALWAYS_SEARCH_USER_PATHS = NO;
				CLANG_CXX_LANGUAGE_STANDARD = "gnu++0x";
				CLANG_CXX_LIBRARY = "libc++";
				CLANG_ENABLE_MODULES = YES;
				CLANG_ENABLE_OBJC_ARC = YES;
				CLANG_WARN_BOOL_CONVERSION = YES;
				CLANG_WARN_CONSTANT_CONVERSION = YES;
				CLANG_WARN_DIRECT_OBJC_ISA_USAGE = YES_ERROR;
				CLANG_WARN_EMPTY_BODY = YES;
				CLANG_WARN_ENUM_CONVERSION = YES;
				CLANG_WARN_INT_CONVERSION = YES;
				CLANG_WARN_OBJC_ROOT_CLASS = YES_ERROR;
				CLANG_WARN_UNREACHABLE_CODE = YES;
				CLANG_WARN__DUPLICATE_METHOD_MATCH = YES;
				"CODE_SIGN_IDENTITY[sdk=iphoneos*]" = "iPhone Developer";
				COPY_PHASE_STRIP = NO;
				DEBUG_INFORMATION_FORMAT = "dwarf-with-dsym";
				ENABLE_NS_ASSERTIONS = NO;
				ENABLE_STRICT_OBJC_MSGSEND = YES;
				GCC_C_LANGUAGE_STANDARD = gnu99;
				GCC_NO_COMMON_BLOCKS = YES;
				GCC_WARN_64_TO_32_BIT_CONVERSION = YES;
				GCC_WARN_ABOUT_RETURN_TYPE = YES_ERROR;
				GCC_WARN_UNDECLARED_SELECTOR = YES;
				GCC_WARN_UNINITIALIZED_AUTOS = YES_AGGRESSIVE;
				GCC_WARN_UNUSED_FUNCTION = YES;
				GCC_WARN_UNUSED_VARIABLE = YES;
				IPHONEOS_DEPLOYMENT_TARGET = 9.2;
				MTL_ENABLE_DEBUG_INFO = NO;
				SDKROOT = iphoneos;
				TARGETED_DEVICE_FAMILY = "1,2";
				VALIDATE_PRODUCT = YES;
			};
			name = Release;
		};
		BB9F693B1C9D1AC600E78DD7 /* Debug */ = {
			isa = XCBuildConfiguration;
			buildSettings = {
				ASSETCATALOG_COMPILER_APPICON_NAME = AppIcon;
				INFOPLIST_FILE = VSlideView/Info.plist;
				LD_RUNPATH_SEARCH_PATHS = "$(inherited) @executable_path/Frameworks";
				PRODUCT_BUNDLE_IDENTIFIER = VinayMahipal.VSlideView;
				PRODUCT_NAME = "$(TARGET_NAME)";
			};
			name = Debug;
		};
		BB9F693C1C9D1AC600E78DD7 /* Release */ = {
			isa = XCBuildConfiguration;
			buildSettings = {
				ASSETCATALOG_COMPILER_APPICON_NAME = AppIcon;
				INFOPLIST_FILE = VSlideView/Info.plist;
				LD_RUNPATH_SEARCH_PATHS = "$(inherited) @executable_path/Frameworks";
				PRODUCT_BUNDLE_IDENTIFIER = VinayMahipal.VSlideView;
				PRODUCT_NAME = "$(TARGET_NAME)";
			};
			name = Release;
		};
		BB9F693E1C9D1AC600E78DD7 /* Debug */ = {
			isa = XCBuildConfiguration;
			buildSettings = {
				BUNDLE_LOADER = "$(TEST_HOST)";
				INFOPLIST_FILE = VSlideViewTests/Info.plist;
				LD_RUNPATH_SEARCH_PATHS = "$(inherited) @executable_path/Frameworks @loader_path/Frameworks";
				PRODUCT_BUNDLE_IDENTIFIER = VinayMahipal.VSlideViewTests;
				PRODUCT_NAME = "$(TARGET_NAME)";
				TEST_HOST = "$(BUILT_PRODUCTS_DIR)/VSlideView.app/VSlideView";
			};
			name = Debug;
		};
		BB9F693F1C9D1AC600E78DD7 /* Release */ = {
			isa = XCBuildConfiguration;
			buildSettings = {
				BUNDLE_LOADER = "$(TEST_HOST)";
				INFOPLIST_FILE = VSlideViewTests/Info.plist;
				LD_RUNPATH_SEARCH_PATHS = "$(inherited) @executable_path/Frameworks @loader_path/Frameworks";
				PRODUCT_BUNDLE_IDENTIFIER = VinayMahipal.VSlideViewTests;
				PRODUCT_NAME = "$(TARGET_NAME)";
				TEST_HOST = "$(BUILT_PRODUCTS_DIR)/VSlideView.app/VSlideView";
			};
			name = Release;
		};
		BB9F69411C9D1AC600E78DD7 /* Debug */ = {
			isa = XCBuildConfiguration;
			buildSettings = {
				INFOPLIST_FILE = VSlideViewUITests/Info.plist;
				LD_RUNPATH_SEARCH_PATHS = "$(inherited) @executable_path/Frameworks @loader_path/Frameworks";
				PRODUCT_BUNDLE_IDENTIFIER = VinayMahipal.VSlideViewUITests;
				PRODUCT_NAME = "$(TARGET_NAME)";
				TEST_TARGET_NAME = VSlideView;
				USES_XCTRUNNER = YES;
			};
			name = Debug;
		};
		BB9F69421C9D1AC600E78DD7 /* Release */ = {
			isa = XCBuildConfiguration;
			buildSettings = {
				INFOPLIST_FILE = VSlideViewUITests/Info.plist;
				LD_RUNPATH_SEARCH_PATHS = "$(inherited) @executable_path/Frameworks @loader_path/Frameworks";
				PRODUCT_BUNDLE_IDENTIFIER = VinayMahipal.VSlideViewUITests;
				PRODUCT_NAME = "$(TARGET_NAME)";
				TEST_TARGET_NAME = VSlideView;
				USES_XCTRUNNER = YES;
			};
			name = Release;
		};
/* End XCBuildConfiguration section */

/* Begin XCConfigurationList section */
		BB9F69081C9D1AC600E78DD7 /* Build configuration list for PBXProject "VSlideView" */ = {
			isa = XCConfigurationList;
			buildConfigurations = (
				BB9F69381C9D1AC600E78DD7 /* Debug */,
				BB9F69391C9D1AC600E78DD7 /* Release */,
			);
			defaultConfigurationIsVisible = 0;
			defaultConfigurationName = Release;
		};
		BB9F693A1C9D1AC600E78DD7 /* Build configuration list for PBXNativeTarget "VSlideView" */ = {
			isa = XCConfigurationList;
			buildConfigurations = (
				BB9F693B1C9D1AC600E78DD7 /* Debug */,
				BB9F693C1C9D1AC600E78DD7 /* Release */,
			);
			defaultConfigurationIsVisible = 0;
		};
		BB9F693D1C9D1AC600E78DD7 /* Build configuration list for PBXNativeTarget "VSlideViewTests" */ = {
			isa = XCConfigurationList;
			buildConfigurations = (
				BB9F693E1C9D1AC600E78DD7 /* Debug */,
				BB9F693F1C9D1AC600E78DD7 /* Release */,
			);
			defaultConfigurationIsVisible = 0;
		};
		BB9F69401C9D1AC600E78DD7 /* Build configuration list for PBXNativeTarget "VSlideViewUITests" */ = {
			isa = XCConfigurationList;
			buildConfigurations = (
				BB9F69411C9D1AC600E78DD7 /* Debug */,
				BB9F69421C9D1AC600E78DD7 /* Release */,
			);
			defaultConfigurationIsVisible = 0;
		};
/* End XCConfigurationList section */
	};
	rootObject = BB9F69051C9D1AC600E78DD7 /* Project object */;
}
